
Microsoft Visual Studio Solution File, Format Version 12.00
# Visual Studio 15
VisualStudioVersion = 15.0.28307.168
MinimumVisualStudioVersion = 10.0.40219.1
Project("{FAE04EC0-301F-11D3-BF4B-00C04F79EFBC}") = "CharacteGenerator", "CharacteGenerator\CharacteGenerator.csproj", "{603E9274-84A8-48B9-81D1-E828E2BEB07B}"
EndProject
Global
	GlobalSection(SolutionConfigurationPlatforms) = preSolution
		Debug|Any CPU = Debug|Any CPU
		Release|Any CPU = Release|Any CPU
	EndGlobalSection
	GlobalSection(ProjectConfigurationPlatforms) = postSolution
		{603E9274-84A8-48B9-81D1-E828E2BEB07B}.Debug|Any CPU.ActiveCfg = Debug|Any CPU
		{603E9274-84A8-48B9-81D1-E828E2BEB07B}.Debug|Any CPU.Build.0 = Debug|Any CPU
		{603E9274-84A8-48B9-81D1-E828E2BEB07B}.Release|Any CPU.ActiveCfg = Release|Any CPU
		{603E9274-84A8-48B9-81D1-E828E2BEB07B}.Release|Any CPU.Build.0 = Release|Any CPU
	EndGlobalSection
	GlobalSection(SolutionProperties) = preSolution
		HideSolutionNode = FALSE
	EndGlobalSection
	GlobalSection(ExtensibilityGlobals) = postSolution
		SolutionGuid = {877950B4-06AD-43EC-BC9D-C857224CCC81}
	EndGlobalSection
EndGlobal
